// !$*UTF8*$!
{
	archiveVersion = 1;
	classes = {
	};
	objectVersion = 56;
	objects = {

/* Begin PBXBuildFile section */
		840D47042905565100550EBD /* QuestionNumberHeader.swift in Sources */ = {isa = PBXBuildFile; fileRef = 840D47032905565100550EBD /* QuestionNumberHeader.swift */; };
		840D47062905568400550EBD /* QuestionImageCell.swift in Sources */ = {isa = PBXBuildFile; fileRef = 840D47052905568400550EBD /* QuestionImageCell.swift */; };
		840D4708290556B700550EBD /* QuestionsProvider.swift in Sources */ = {isa = PBXBuildFile; fileRef = 840D4707290556B700550EBD /* QuestionsProvider.swift */; };
		840D471C290BEE1600550EBD /* FastGameVC.swift in Sources */ = {isa = PBXBuildFile; fileRef = 840D471B290BEE1600550EBD /* FastGameVC.swift */; };
		840D471E290BEE5400550EBD /* SelectAnswerCell.swift in Sources */ = {isa = PBXBuildFile; fileRef = 840D471D290BEE5400550EBD /* SelectAnswerCell.swift */; };
		842C34382900008C00BF82D9 /* AppDelegate.swift in Sources */ = {isa = PBXBuildFile; fileRef = 842C34372900008C00BF82D9 /* AppDelegate.swift */; };
		842C343C2900008C00BF82D9 /* GameVC.swift in Sources */ = {isa = PBXBuildFile; fileRef = 842C343B2900008C00BF82D9 /* GameVC.swift */; };
		842C34412900008D00BF82D9 /* Assets.xcassets in Resources */ = {isa = PBXBuildFile; fileRef = 842C34402900008D00BF82D9 /* Assets.xcassets */; };
		842C34442900008D00BF82D9 /* LaunchScreen.storyboard in Resources */ = {isa = PBXBuildFile; fileRef = 842C34422900008D00BF82D9 /* LaunchScreen.storyboard */; };
		842C34502900037400BF82D9 /* QuestionsResponse.swift in Sources */ = {isa = PBXBuildFile; fileRef = 842C344F2900037400BF82D9 /* QuestionsResponse.swift */; };
		842C3452290003F300BF82D9 /* questions.json in Resources */ = {isa = PBXBuildFile; fileRef = 842C3451290003F300BF82D9 /* questions.json */; };
		842C34552900054D00BF82D9 /* SnapKit in Frameworks */ = {isa = PBXBuildFile; productRef = 842C34542900054D00BF82D9 /* SnapKit */; };
		842C345B2900063E00BF82D9 /* QuestionTextCell.swift in Sources */ = {isa = PBXBuildFile; fileRef = 842C345A2900063E00BF82D9 /* QuestionTextCell.swift */; };
		842C345D2900064F00BF82D9 /* AnswerCell.swift in Sources */ = {isa = PBXBuildFile; fileRef = 842C345C2900064F00BF82D9 /* AnswerCell.swift */; };
		842C345F2900065D00BF82D9 /* CheckButtonCell.swift in Sources */ = {isa = PBXBuildFile; fileRef = 842C345E2900065D00BF82D9 /* CheckButtonCell.swift */; };
		842C34612900067B00BF82D9 /* MainVC.swift in Sources */ = {isa = PBXBuildFile; fileRef = 842C34602900067B00BF82D9 /* MainVC.swift */; };
		842C3464290006FC00BF82D9 /* JsonService.swift in Sources */ = {isa = PBXBuildFile; fileRef = 842C3463290006FC00BF82D9 /* JsonService.swift */; };
		843B2671292C03540082C6EA /* ZeroView.swift in Sources */ = {isa = PBXBuildFile; fileRef = 843B266F292C03540082C6EA /* ZeroView.swift */; };
		843B2672292C03540082C6EA /* ZeroView.xib in Resources */ = {isa = PBXBuildFile; fileRef = 843B2670292C03540082C6EA /* ZeroView.xib */; };
		843B2675292C03920082C6EA /* Lottie in Frameworks */ = {isa = PBXBuildFile; productRef = 843B2674292C03920082C6EA /* Lottie */; };
		843B2677292C03A80082C6EA /* question-animation.json in Resources */ = {isa = PBXBuildFile; fileRef = 843B2676292C03A80082C6EA /* question-animation.json */; };
		843B267C292C03F40082C6EA /* UIVIew+PinEdges.swift in Sources */ = {isa = PBXBuildFile; fileRef = 843B2679292C03F30082C6EA /* UIVIew+PinEdges.swift */; };
		843B267D292C03F40082C6EA /* UIView+hide.swift in Sources */ = {isa = PBXBuildFile; fileRef = 843B267A292C03F30082C6EA /* UIView+hide.swift */; };
		843B267E292C03F40082C6EA /* UIView+loadNib.swift in Sources */ = {isa = PBXBuildFile; fileRef = 843B267B292C03F40082C6EA /* UIView+loadNib.swift */; };
		8456DC06290F0CDA00C49AAE /* ScreenFactory.swift in Sources */ = {isa = PBXBuildFile; fileRef = 8456DC05290F0CDA00C49AAE /* ScreenFactory.swift */; };
		8456DC09290F0D0C00C49AAE /* AuthVC.swift in Sources */ = {isa = PBXBuildFile; fileRef = 8456DC08290F0D0C00C49AAE /* AuthVC.swift */; };
		8456DC3429105CF100C49AAE /* SignInVC.swift in Sources */ = {isa = PBXBuildFile; fileRef = 8456DC3329105CF100C49AAE /* SignInVC.swift */; };
		84E649FB29127A9E00806959 /* SDWebImage in Frameworks */ = {isa = PBXBuildFile; productRef = 84E649FA29127A9E00806959 /* SDWebImage */; };
		84F974DC29127D4F0003EB32 /* FirebaseAnalytics in Frameworks */ = {isa = PBXBuildFile; productRef = 84F974DB29127D4F0003EB32 /* FirebaseAnalytics */; };
		84F974DE29127D4F0003EB32 /* FirebaseAnalyticsSwift in Frameworks */ = {isa = PBXBuildFile; productRef = 84F974DD29127D4F0003EB32 /* FirebaseAnalyticsSwift */; };
		84F974E029127D4F0003EB32 /* FirebaseAuth in Frameworks */ = {isa = PBXBuildFile; productRef = 84F974DF29127D4F0003EB32 /* FirebaseAuth */; };
		84F974E229127D4F0003EB32 /* FirebaseAuthCombine-Community in Frameworks */ = {isa = PBXBuildFile; productRef = 84F974E129127D4F0003EB32 /* FirebaseAuthCombine-Community */; };
		84F974E429127D4F0003EB32 /* FirebaseDatabase in Frameworks */ = {isa = PBXBuildFile; productRef = 84F974E329127D4F0003EB32 /* FirebaseDatabase */; };
		84F974E629127D4F0003EB32 /* FirebaseDatabaseSwift in Frameworks */ = {isa = PBXBuildFile; productRef = 84F974E529127D4F0003EB32 /* FirebaseDatabaseSwift */; };
		84F974E829127D4F0003EB32 /* FirebaseFirestore in Frameworks */ = {isa = PBXBuildFile; productRef = 84F974E729127D4F0003EB32 /* FirebaseFirestore */; };
		84F974EA29127D4F0003EB32 /* FirebaseFirestoreSwift in Frameworks */ = {isa = PBXBuildFile; productRef = 84F974E929127D4F0003EB32 /* FirebaseFirestoreSwift */; };
		84F974EC29127D4F0003EB32 /* FirebaseStorage in Frameworks */ = {isa = PBXBuildFile; productRef = 84F974EB29127D4F0003EB32 /* FirebaseStorage */; };
		84F974F029127F300003EB32 /* GoogleService-Info.plist in Resources */ = {isa = PBXBuildFile; fileRef = 84F974EF29127F300003EB32 /* GoogleService-Info.plist */; };
/* End PBXBuildFile section */

/* Begin PBXFileReference section */
		840D47032905565100550EBD /* QuestionNumberHeader.swift */ = {isa = PBXFileReference; lastKnownFileType = sourcecode.swift; path = QuestionNumberHeader.swift; sourceTree = "<group>"; };
		840D47052905568400550EBD /* QuestionImageCell.swift */ = {isa = PBXFileReference; lastKnownFileType = sourcecode.swift; path = QuestionImageCell.swift; sourceTree = "<group>"; };
		840D4707290556B700550EBD /* QuestionsProvider.swift */ = {isa = PBXFileReference; lastKnownFileType = sourcecode.swift; path = QuestionsProvider.swift; sourceTree = "<group>"; };
		840D471B290BEE1600550EBD /* FastGameVC.swift */ = {isa = PBXFileReference; lastKnownFileType = sourcecode.swift; path = FastGameVC.swift; sourceTree = "<group>"; };
		840D471D290BEE5400550EBD /* SelectAnswerCell.swift */ = {isa = PBXFileReference; lastKnownFileType = sourcecode.swift; path = SelectAnswerCell.swift; sourceTree = "<group>"; };
		842C34342900008C00BF82D9 /* quiz-project.app */ = {isa = PBXFileReference; explicitFileType = wrapper.application; includeInIndex = 0; path = "quiz-project.app"; sourceTree = BUILT_PRODUCTS_DIR; };
		842C34372900008C00BF82D9 /* AppDelegate.swift */ = {isa = PBXFileReference; lastKnownFileType = sourcecode.swift; path = AppDelegate.swift; sourceTree = "<group>"; };
		842C343B2900008C00BF82D9 /* GameVC.swift */ = {isa = PBXFileReference; lastKnownFileType = sourcecode.swift; path = GameVC.swift; sourceTree = "<group>"; };
		842C34402900008D00BF82D9 /* Assets.xcassets */ = {isa = PBXFileReference; lastKnownFileType = folder.assetcatalog; path = Assets.xcassets; sourceTree = "<group>"; };
		842C34432900008D00BF82D9 /* Base */ = {isa = PBXFileReference; lastKnownFileType = file.storyboard; name = Base; path = Base.lproj/LaunchScreen.storyboard; sourceTree = "<group>"; };
		842C34452900008D00BF82D9 /* Info.plist */ = {isa = PBXFileReference; lastKnownFileType = text.plist.xml; path = Info.plist; sourceTree = "<group>"; };
		842C344F2900037400BF82D9 /* QuestionsResponse.swift */ = {isa = PBXFileReference; lastKnownFileType = sourcecode.swift; path = QuestionsResponse.swift; sourceTree = "<group>"; };
		842C3451290003F300BF82D9 /* questions.json */ = {isa = PBXFileReference; fileEncoding = 4; lastKnownFileType = text.json; path = questions.json; sourceTree = "<group>"; };
		842C345A2900063E00BF82D9 /* QuestionTextCell.swift */ = {isa = PBXFileReference; lastKnownFileType = sourcecode.swift; path = QuestionTextCell.swift; sourceTree = "<group>"; };
		842C345C2900064F00BF82D9 /* AnswerCell.swift */ = {isa = PBXFileReference; lastKnownFileType = sourcecode.swift; path = AnswerCell.swift; sourceTree = "<group>"; };
		842C345E2900065D00BF82D9 /* CheckButtonCell.swift */ = {isa = PBXFileReference; lastKnownFileType = sourcecode.swift; path = CheckButtonCell.swift; sourceTree = "<group>"; };
		842C34602900067B00BF82D9 /* MainVC.swift */ = {isa = PBXFileReference; lastKnownFileType = sourcecode.swift; path = MainVC.swift; sourceTree = "<group>"; };
		842C3463290006FC00BF82D9 /* JsonService.swift */ = {isa = PBXFileReference; lastKnownFileType = sourcecode.swift; path = JsonService.swift; sourceTree = "<group>"; };
		843B266F292C03540082C6EA /* ZeroView.swift */ = {isa = PBXFileReference; fileEncoding = 4; lastKnownFileType = sourcecode.swift; path = ZeroView.swift; sourceTree = "<group>"; };
		843B2670292C03540082C6EA /* ZeroView.xib */ = {isa = PBXFileReference; fileEncoding = 4; lastKnownFileType = file.xib; path = ZeroView.xib; sourceTree = "<group>"; };
		843B2676292C03A80082C6EA /* question-animation.json */ = {isa = PBXFileReference; fileEncoding = 4; lastKnownFileType = text.json; path = "question-animation.json"; sourceTree = "<group>"; };
		843B2679292C03F30082C6EA /* UIVIew+PinEdges.swift */ = {isa = PBXFileReference; fileEncoding = 4; lastKnownFileType = sourcecode.swift; path = "UIVIew+PinEdges.swift"; sourceTree = "<group>"; };
		843B267A292C03F30082C6EA /* UIView+hide.swift */ = {isa = PBXFileReference; fileEncoding = 4; lastKnownFileType = sourcecode.swift; path = "UIView+hide.swift"; sourceTree = "<group>"; };
		843B267B292C03F40082C6EA /* UIView+loadNib.swift */ = {isa = PBXFileReference; fileEncoding = 4; lastKnownFileType = sourcecode.swift; path = "UIView+loadNib.swift"; sourceTree = "<group>"; };
		8456DC05290F0CDA00C49AAE /* ScreenFactory.swift */ = {isa = PBXFileReference; lastKnownFileType = sourcecode.swift; path = ScreenFactory.swift; sourceTree = "<group>"; };
		8456DC08290F0D0C00C49AAE /* AuthVC.swift */ = {isa = PBXFileReference; lastKnownFileType = sourcecode.swift; path = AuthVC.swift; sourceTree = "<group>"; };
		8456DC3329105CF100C49AAE /* SignInVC.swift */ = {isa = PBXFileReference; lastKnownFileType = sourcecode.swift; path = SignInVC.swift; sourceTree = "<group>"; };
		84F974EF29127F300003EB32 /* GoogleService-Info.plist */ = {isa = PBXFileReference; fileEncoding = 4; lastKnownFileType = text.plist.xml; path = "GoogleService-Info.plist"; sourceTree = "<group>"; };
/* End PBXFileReference section */

/* Begin PBXFrameworksBuildPhase section */
		842C34312900008C00BF82D9 /* Frameworks */ = {
			isa = PBXFrameworksBuildPhase;
			buildActionMask = 2147483647;
			files = (
				84F974E629127D4F0003EB32 /* FirebaseDatabaseSwift in Frameworks */,
				84F974DE29127D4F0003EB32 /* FirebaseAnalyticsSwift in Frameworks */,
				84F974E229127D4F0003EB32 /* FirebaseAuthCombine-Community in Frameworks */,
				84F974E029127D4F0003EB32 /* FirebaseAuth in Frameworks */,
				84E649FB29127A9E00806959 /* SDWebImage in Frameworks */,
				84F974EA29127D4F0003EB32 /* FirebaseFirestoreSwift in Frameworks */,
				84F974E829127D4F0003EB32 /* FirebaseFirestore in Frameworks */,
				842C34552900054D00BF82D9 /* SnapKit in Frameworks */,
				84F974EC29127D4F0003EB32 /* FirebaseStorage in Frameworks */,
				84F974E429127D4F0003EB32 /* FirebaseDatabase in Frameworks */,
				84F974DC29127D4F0003EB32 /* FirebaseAnalytics in Frameworks */,
				843B2675292C03920082C6EA /* Lottie in Frameworks */,
			);
			runOnlyForDeploymentPostprocessing = 0;
		};
/* End PBXFrameworksBuildPhase section */

/* Begin PBXGroup section */
		840D47022905563B00550EBD /* Headers */ = {
			isa = PBXGroup;
			children = (
				840D47032905565100550EBD /* QuestionNumberHeader.swift */,
			);
			path = Headers;
			sourceTree = "<group>";
		};
		842C342B2900008C00BF82D9 = {
			isa = PBXGroup;
			children = (
				842C34362900008C00BF82D9 /* quiz-project */,
				842C34352900008C00BF82D9 /* Products */,
			);
			sourceTree = "<group>";
		};
		842C34352900008C00BF82D9 /* Products */ = {
			isa = PBXGroup;
			children = (
				842C34342900008C00BF82D9 /* quiz-project.app */,
			);
			name = Products;
			sourceTree = "<group>";
		};
		842C34362900008C00BF82D9 /* quiz-project */ = {
			isa = PBXGroup;
			children = (
				842C344B2900009800BF82D9 /* App */,
				842C344C290000B900BF82D9 /* Screens */,
				842C344E2900034C00BF82D9 /* Models */,
				843B266E292C033D0082C6EA /* Views */,
				843B2678292C03DA0082C6EA /* Extension */,
				842C3462290006BC00BF82D9 /* Services */,
				842C344D290000CF00BF82D9 /* Resources */,
			);
			path = "quiz-project";
			sourceTree = "<group>";
		};
		842C344B2900009800BF82D9 /* App */ = {
			isa = PBXGroup;
			children = (
				842C34372900008C00BF82D9 /* AppDelegate.swift */,
				8456DC05290F0CDA00C49AAE /* ScreenFactory.swift */,
			);
			path = App;
			sourceTree = "<group>";
		};
		842C344C290000B900BF82D9 /* Screens */ = {
			isa = PBXGroup;
			children = (
				8456DC07290F0CFC00C49AAE /* Auth */,
				842C3458290005F800BF82D9 /* Main */,
				842C3457290005E800BF82D9 /* Game */,
			);
			path = Screens;
			sourceTree = "<group>";
		};
		842C344D290000CF00BF82D9 /* Resources */ = {
			isa = PBXGroup;
			children = (
				843B2676292C03A80082C6EA /* question-animation.json */,
				84F974EF29127F300003EB32 /* GoogleService-Info.plist */,
				842C3451290003F300BF82D9 /* questions.json */,
				842C34402900008D00BF82D9 /* Assets.xcassets */,
				842C34422900008D00BF82D9 /* LaunchScreen.storyboard */,
				842C34452900008D00BF82D9 /* Info.plist */,
			);
			path = Resources;
			sourceTree = "<group>";
		};
		842C344E2900034C00BF82D9 /* Models */ = {
			isa = PBXGroup;
			children = (
				842C344F2900037400BF82D9 /* QuestionsResponse.swift */,
			);
			path = Models;
			sourceTree = "<group>";
		};
		842C3457290005E800BF82D9 /* Game */ = {
			isa = PBXGroup;
			children = (
				842C343B2900008C00BF82D9 /* GameVC.swift */,
				840D471B290BEE1600550EBD /* FastGameVC.swift */,
				842C34592900061E00BF82D9 /* Cell */,
			);
			path = Game;
			sourceTree = "<group>";
		};
		842C3458290005F800BF82D9 /* Main */ = {
			isa = PBXGroup;
			children = (
				842C34602900067B00BF82D9 /* MainVC.swift */,
			);
			path = Main;
			sourceTree = "<group>";
		};
		842C34592900061E00BF82D9 /* Cell */ = {
			isa = PBXGroup;
			children = (
				840D47022905563B00550EBD /* Headers */,
				842C345A2900063E00BF82D9 /* QuestionTextCell.swift */,
				840D47052905568400550EBD /* QuestionImageCell.swift */,
				842C345C2900064F00BF82D9 /* AnswerCell.swift */,
				842C345E2900065D00BF82D9 /* CheckButtonCell.swift */,
				840D471D290BEE5400550EBD /* SelectAnswerCell.swift */,
			);
			path = Cell;
			sourceTree = "<group>";
		};
		842C3462290006BC00BF82D9 /* Services */ = {
			isa = PBXGroup;
			children = (
				842C3463290006FC00BF82D9 /* JsonService.swift */,
				840D4707290556B700550EBD /* QuestionsProvider.swift */,
			);
			path = Services;
			sourceTree = "<group>";
		};
		843B266E292C033D0082C6EA /* Views */ = {
			isa = PBXGroup;
			children = (
				843B266F292C03540082C6EA /* ZeroView.swift */,
				843B2670292C03540082C6EA /* ZeroView.xib */,
			);
			path = Views;
			sourceTree = "<group>";
		};
		843B2678292C03DA0082C6EA /* Extension */ = {
			isa = PBXGroup;
			children = (
				843B267A292C03F30082C6EA /* UIView+hide.swift */,
				843B267B292C03F40082C6EA /* UIView+loadNib.swift */,
				843B2679292C03F30082C6EA /* UIVIew+PinEdges.swift */,
			);
			path = Extension;
			sourceTree = "<group>";
		};
		8456DC07290F0CFC00C49AAE /* Auth */ = {
			isa = PBXGroup;
			children = (
				8456DC08290F0D0C00C49AAE /* AuthVC.swift */,
				8456DC3329105CF100C49AAE /* SignInVC.swift */,
			);
			path = Auth;
			sourceTree = "<group>";
		};
/* End PBXGroup section */

/* Begin PBXNativeTarget section */
		842C34332900008C00BF82D9 /* quiz-project */ = {
			isa = PBXNativeTarget;
			buildConfigurationList = 842C34482900008D00BF82D9 /* Build configuration list for PBXNativeTarget "quiz-project" */;
			buildPhases = (
				842C34302900008C00BF82D9 /* Sources */,
				842C34312900008C00BF82D9 /* Frameworks */,
				842C34322900008C00BF82D9 /* Resources */,
			);
			buildRules = (
			);
			dependencies = (
			);
			name = "quiz-project";
			packageProductDependencies = (
				842C34542900054D00BF82D9 /* SnapKit */,
				84E649FA29127A9E00806959 /* SDWebImage */,
				84F974DB29127D4F0003EB32 /* FirebaseAnalytics */,
				84F974DD29127D4F0003EB32 /* FirebaseAnalyticsSwift */,
				84F974DF29127D4F0003EB32 /* FirebaseAuth */,
				84F974E129127D4F0003EB32 /* FirebaseAuthCombine-Community */,
				84F974E329127D4F0003EB32 /* FirebaseDatabase */,
				84F974E529127D4F0003EB32 /* FirebaseDatabaseSwift */,
				84F974E729127D4F0003EB32 /* FirebaseFirestore */,
				84F974E929127D4F0003EB32 /* FirebaseFirestoreSwift */,
				84F974EB29127D4F0003EB32 /* FirebaseStorage */,
				843B2674292C03920082C6EA /* Lottie */,
			);
			productName = "quiz-project";
			productReference = 842C34342900008C00BF82D9 /* quiz-project.app */;
			productType = "com.apple.product-type.application";
		};
/* End PBXNativeTarget section */

/* Begin PBXProject section */
		842C342C2900008C00BF82D9 /* Project object */ = {
			isa = PBXProject;
			attributes = {
				BuildIndependentTargetsInParallel = 1;
				LastSwiftUpdateCheck = 1400;
				LastUpgradeCheck = 1400;
				TargetAttributes = {
					842C34332900008C00BF82D9 = {
						CreatedOnToolsVersion = 14.0.1;
					};
				};
			};
			buildConfigurationList = 842C342F2900008C00BF82D9 /* Build configuration list for PBXProject "quiz-project" */;
			compatibilityVersion = "Xcode 14.0";
			developmentRegion = en;
			hasScannedForEncodings = 0;
			knownRegions = (
				en,
				Base,
			);
			mainGroup = 842C342B2900008C00BF82D9;
			packageReferences = (
				842C34532900054D00BF82D9 /* XCRemoteSwiftPackageReference "SnapKit" */,
				84E649F929127A9E00806959 /* XCRemoteSwiftPackageReference "SDWebImage" */,
				84F974DA29127D4F0003EB32 /* XCRemoteSwiftPackageReference "firebase-ios-sdk" */,
				843B2673292C03920082C6EA /* XCRemoteSwiftPackageReference "lottie-ios" */,
			);
			productRefGroup = 842C34352900008C00BF82D9 /* Products */;
			projectDirPath = "";
			projectRoot = "";
			targets = (
				842C34332900008C00BF82D9 /* quiz-project */,
			);
		};
/* End PBXProject section */

/* Begin PBXResourcesBuildPhase section */
		842C34322900008C00BF82D9 /* Resources */ = {
			isa = PBXResourcesBuildPhase;
			buildActionMask = 2147483647;
			files = (
				843B2677292C03A80082C6EA /* question-animation.json in Resources */,
				843B2672292C03540082C6EA /* ZeroView.xib in Resources */,
				84F974F029127F300003EB32 /* GoogleService-Info.plist in Resources */,
				842C3452290003F300BF82D9 /* questions.json in Resources */,
				842C34442900008D00BF82D9 /* LaunchScreen.storyboard in Resources */,
				842C34412900008D00BF82D9 /* Assets.xcassets in Resources */,
			);
			runOnlyForDeploymentPostprocessing = 0;
		};
/* End PBXResourcesBuildPhase section */

/* Begin PBXSourcesBuildPhase section */
		842C34302900008C00BF82D9 /* Sources */ = {
			isa = PBXSourcesBuildPhase;
			buildActionMask = 2147483647;
			files = (
				8456DC09290F0D0C00C49AAE /* AuthVC.swift in Sources */,
				842C343C2900008C00BF82D9 /* GameVC.swift in Sources */,
				840D47062905568400550EBD /* QuestionImageCell.swift in Sources */,
				8456DC06290F0CDA00C49AAE /* ScreenFactory.swift in Sources */,
				843B267D292C03F40082C6EA /* UIView+hide.swift in Sources */,
				840D4708290556B700550EBD /* QuestionsProvider.swift in Sources */,
				842C34382900008C00BF82D9 /* AppDelegate.swift in Sources */,
				840D47042905565100550EBD /* QuestionNumberHeader.swift in Sources */,
				842C345B2900063E00BF82D9 /* QuestionTextCell.swift in Sources */,
				842C34502900037400BF82D9 /* QuestionsResponse.swift in Sources */,
				843B267C292C03F40082C6EA /* UIVIew+PinEdges.swift in Sources */,
				842C345F2900065D00BF82D9 /* CheckButtonCell.swift in Sources */,
				843B267E292C03F40082C6EA /* UIView+loadNib.swift in Sources */,
				8456DC3429105CF100C49AAE /* SignInVC.swift in Sources */,
				840D471C290BEE1600550EBD /* FastGameVC.swift in Sources */,
				840D471E290BEE5400550EBD /* SelectAnswerCell.swift in Sources */,
				842C345D2900064F00BF82D9 /* AnswerCell.swift in Sources */,
				842C34612900067B00BF82D9 /* MainVC.swift in Sources */,
				842C3464290006FC00BF82D9 /* JsonService.swift in Sources */,
				843B2671292C03540082C6EA /* ZeroView.swift in Sources */,
			);
			runOnlyForDeploymentPostprocessing = 0;
		};
/* End PBXSourcesBuildPhase section */

/* Begin PBXVariantGroup section */
		842C34422900008D00BF82D9 /* LaunchScreen.storyboard */ = {
			isa = PBXVariantGroup;
			children = (
				842C34432900008D00BF82D9 /* Base */,
			);
			name = LaunchScreen.storyboard;
			sourceTree = "<group>";
		};
/* End PBXVariantGroup section */

/* Begin XCBuildConfiguration section */
		842C34462900008D00BF82D9 /* Debug */ = {
			isa = XCBuildConfiguration;
			buildSettings = {
				ALWAYS_SEARCH_USER_PATHS = NO;
				CLANG_ANALYZER_NONNULL = YES;
				CLANG_ANALYZER_NUMBER_OBJECT_CONVERSION = YES_AGGRESSIVE;
				CLANG_CXX_LANGUAGE_STANDARD = "gnu++20";
				CLANG_ENABLE_MODULES = YES;
				CLANG_ENABLE_OBJC_ARC = YES;
				CLANG_ENABLE_OBJC_WEAK = YES;
				CLANG_WARN_BLOCK_CAPTURE_AUTORELEASING = YES;
				CLANG_WARN_BOOL_CONVERSION = YES;
				CLANG_WARN_COMMA = YES;
				CLANG_WARN_CONSTANT_CONVERSION = YES;
				CLANG_WARN_DEPRECATED_OBJC_IMPLEMENTATIONS = YES;
				CLANG_WARN_DIRECT_OBJC_ISA_USAGE = YES_ERROR;
				CLANG_WARN_DOCUMENTATION_COMMENTS = YES;
				CLANG_WARN_EMPTY_BODY = YES;
				CLANG_WARN_ENUM_CONVERSION = YES;
				CLANG_WARN_INFINITE_RECURSION = YES;
				CLANG_WARN_INT_CONVERSION = YES;
				CLANG_WARN_NON_LITERAL_NULL_CONVERSION = YES;
				CLANG_WARN_OBJC_IMPLICIT_RETAIN_SELF = YES;
				CLANG_WARN_OBJC_LITERAL_CONVERSION = YES;
				CLANG_WARN_OBJC_ROOT_CLASS = YES_ERROR;
				CLANG_WARN_QUOTED_INCLUDE_IN_FRAMEWORK_HEADER = YES;
				CLANG_WARN_RANGE_LOOP_ANALYSIS = YES;
				CLANG_WARN_STRICT_PROTOTYPES = YES;
				CLANG_WARN_SUSPICIOUS_MOVE = YES;
				CLANG_WARN_UNGUARDED_AVAILABILITY = YES_AGGRESSIVE;
				CLANG_WARN_UNREACHABLE_CODE = YES;
				CLANG_WARN__DUPLICATE_METHOD_MATCH = YES;
				COPY_PHASE_STRIP = NO;
				DEBUG_INFORMATION_FORMAT = dwarf;
				ENABLE_STRICT_OBJC_MSGSEND = YES;
				ENABLE_TESTABILITY = YES;
				GCC_C_LANGUAGE_STANDARD = gnu11;
				GCC_DYNAMIC_NO_PIC = NO;
				GCC_NO_COMMON_BLOCKS = YES;
				GCC_OPTIMIZATION_LEVEL = 0;
				GCC_PREPROCESSOR_DEFINITIONS = (
					"DEBUG=1",
					"$(inherited)",
				);
				GCC_WARN_64_TO_32_BIT_CONVERSION = YES;
				GCC_WARN_ABOUT_RETURN_TYPE = YES_ERROR;
				GCC_WARN_UNDECLARED_SELECTOR = YES;
				GCC_WARN_UNINITIALIZED_AUTOS = YES_AGGRESSIVE;
				GCC_WARN_UNUSED_FUNCTION = YES;
				GCC_WARN_UNUSED_VARIABLE = YES;
				IPHONEOS_DEPLOYMENT_TARGET = 15.5;
				MTL_ENABLE_DEBUG_INFO = INCLUDE_SOURCE;
				MTL_FAST_MATH = YES;
				ONLY_ACTIVE_ARCH = YES;
				SDKROOT = iphoneos;
				SWIFT_ACTIVE_COMPILATION_CONDITIONS = DEBUG;
				SWIFT_OPTIMIZATION_LEVEL = "-Onone";
			};
			name = Debug;
		};
		842C34472900008D00BF82D9 /* Release */ = {
			isa = XCBuildConfiguration;
			buildSettings = {
				ALWAYS_SEARCH_USER_PATHS = NO;
				CLANG_ANALYZER_NONNULL = YES;
				CLANG_ANALYZER_NUMBER_OBJECT_CONVERSION = YES_AGGRESSIVE;
				CLANG_CXX_LANGUAGE_STANDARD = "gnu++20";
				CLANG_ENABLE_MODULES = YES;
				CLANG_ENABLE_OBJC_ARC = YES;
				CLANG_ENABLE_OBJC_WEAK = YES;
				CLANG_WARN_BLOCK_CAPTURE_AUTORELEASING = YES;
				CLANG_WARN_BOOL_CONVERSION = YES;
				CLANG_WARN_COMMA = YES;
				CLANG_WARN_CONSTANT_CONVERSION = YES;
				CLANG_WARN_DEPRECATED_OBJC_IMPLEMENTATIONS = YES;
				CLANG_WARN_DIRECT_OBJC_ISA_USAGE = YES_ERROR;
				CLANG_WARN_DOCUMENTATION_COMMENTS = YES;
				CLANG_WARN_EMPTY_BODY = YES;
				CLANG_WARN_ENUM_CONVERSION = YES;
				CLANG_WARN_INFINITE_RECURSION = YES;
				CLANG_WARN_INT_CONVERSION = YES;
				CLANG_WARN_NON_LITERAL_NULL_CONVERSION = YES;
				CLANG_WARN_OBJC_IMPLICIT_RETAIN_SELF = YES;
				CLANG_WARN_OBJC_LITERAL_CONVERSION = YES;
				CLANG_WARN_OBJC_ROOT_CLASS = YES_ERROR;
				CLANG_WARN_QUOTED_INCLUDE_IN_FRAMEWORK_HEADER = YES;
				CLANG_WARN_RANGE_LOOP_ANALYSIS = YES;
				CLANG_WARN_STRICT_PROTOTYPES = YES;
				CLANG_WARN_SUSPICIOUS_MOVE = YES;
				CLANG_WARN_UNGUARDED_AVAILABILITY = YES_AGGRESSIVE;
				CLANG_WARN_UNREACHABLE_CODE = YES;
				CLANG_WARN__DUPLICATE_METHOD_MATCH = YES;
				COPY_PHASE_STRIP = NO;
				DEBUG_INFORMATION_FORMAT = "dwarf-with-dsym";
				ENABLE_NS_ASSERTIONS = NO;
				ENABLE_STRICT_OBJC_MSGSEND = YES;
				GCC_C_LANGUAGE_STANDARD = gnu11;
				GCC_NO_COMMON_BLOCKS = YES;
				GCC_WARN_64_TO_32_BIT_CONVERSION = YES;
				GCC_WARN_ABOUT_RETURN_TYPE = YES_ERROR;
				GCC_WARN_UNDECLARED_SELECTOR = YES;
				GCC_WARN_UNINITIALIZED_AUTOS = YES_AGGRESSIVE;
				GCC_WARN_UNUSED_FUNCTION = YES;
				GCC_WARN_UNUSED_VARIABLE = YES;
				IPHONEOS_DEPLOYMENT_TARGET = 15.5;
				MTL_ENABLE_DEBUG_INFO = NO;
				MTL_FAST_MATH = YES;
				SDKROOT = iphoneos;
				SWIFT_COMPILATION_MODE = wholemodule;
				SWIFT_OPTIMIZATION_LEVEL = "-O";
				VALIDATE_PRODUCT = YES;
			};
			name = Release;
		};
		842C34492900008D00BF82D9 /* Debug */ = {
			isa = XCBuildConfiguration;
			buildSettings = {
				ASSETCATALOG_COMPILER_APPICON_NAME = AppIcon;
				ASSETCATALOG_COMPILER_GLOBAL_ACCENT_COLOR_NAME = AccentColor;
				CODE_SIGN_STYLE = Automatic;
				CURRENT_PROJECT_VERSION = 1;
				GENERATE_INFOPLIST_FILE = YES;
				INFOPLIST_FILE = "quiz-project/Resources/Info.plist";
				INFOPLIST_KEY_UIApplicationSupportsIndirectInputEvents = YES;
				INFOPLIST_KEY_UILaunchStoryboardName = LaunchScreen;
				INFOPLIST_KEY_UIMainStoryboardFile = "";
				INFOPLIST_KEY_UISupportedInterfaceOrientations_iPad = "UIInterfaceOrientationPortrait UIInterfaceOrientationPortraitUpsideDown UIInterfaceOrientationLandscapeLeft UIInterfaceOrientationLandscapeRight";
				INFOPLIST_KEY_UISupportedInterfaceOrientations_iPhone = "UIInterfaceOrientationPortrait UIInterfaceOrientationLandscapeLeft UIInterfaceOrientationLandscapeRight";
				LD_RUNPATH_SEARCH_PATHS = (
					"$(inherited)",
					"@executable_path/Frameworks",
				);
				MARKETING_VERSION = 1.0;
				PRODUCT_BUNDLE_IDENTIFIER = "danovise.quiz-project-gh";
				PRODUCT_NAME = "$(TARGET_NAME)";
				SWIFT_EMIT_LOC_STRINGS = YES;
				SWIFT_VERSION = 5.0;
				TARGETED_DEVICE_FAMILY = "1,2";
			};
			name = Debug;
		};
		842C344A2900008D00BF82D9 /* Release */ = {
			isa = XCBuildConfiguration;
			buildSettings = {
				ASSETCATALOG_COMPILER_APPICON_NAME = AppIcon;
				ASSETCATALOG_COMPILER_GLOBAL_ACCENT_COLOR_NAME = AccentColor;
				CODE_SIGN_STYLE = Automatic;
				CURRENT_PROJECT_VERSION = 1;
				GENERATE_INFOPLIST_FILE = YES;
				INFOPLIST_FILE = "quiz-project/Resources/Info.plist";
				INFOPLIST_KEY_UIApplicationSupportsIndirectInputEvents = YES;
				INFOPLIST_KEY_UILaunchStoryboardName = LaunchScreen;
				INFOPLIST_KEY_UIMainStoryboardFile = "";
				INFOPLIST_KEY_UISupportedInterfaceOrientations_iPad = "UIInterfaceOrientationPortrait UIInterfaceOrientationPortraitUpsideDown UIInterfaceOrientationLandscapeLeft UIInterfaceOrientationLandscapeRight";
				INFOPLIST_KEY_UISupportedInterfaceOrientations_iPhone = "UIInterfaceOrientationPortrait UIInterfaceOrientationLandscapeLeft UIInterfaceOrientationLandscapeRight";
				LD_RUNPATH_SEARCH_PATHS = (
					"$(inherited)",
					"@executable_path/Frameworks",
				);
				MARKETING_VERSION = 1.0;
				PRODUCT_BUNDLE_IDENTIFIER = "danovise.quiz-project-gh";
				PRODUCT_NAME = "$(TARGET_NAME)";
				SWIFT_EMIT_LOC_STRINGS = YES;
				SWIFT_VERSION = 5.0;
				TARGETED_DEVICE_FAMILY = "1,2";
			};
			name = Release;
		};
/* End XCBuildConfiguration section */

/* Begin XCConfigurationList section */
		842C342F2900008C00BF82D9 /* Build configuration list for PBXProject "quiz-project" */ = {
			isa = XCConfigurationList;
			buildConfigurations = (
				842C34462900008D00BF82D9 /* Debug */,
				842C34472900008D00BF82D9 /* Release */,
			);
			defaultConfigurationIsVisible = 0;
			defaultConfigurationName = Release;
		};
		842C34482900008D00BF82D9 /* Build configuration list for PBXNativeTarget "quiz-project" */ = {
			isa = XCConfigurationList;
			buildConfigurations = (
				842C34492900008D00BF82D9 /* Debug */,
				842C344A2900008D00BF82D9 /* Release */,
			);
			defaultConfigurationIsVisible = 0;
			defaultConfigurationName = Release;
		};
/* End XCConfigurationList section */

/* Begin XCRemoteSwiftPackageReference section */
		842C34532900054D00BF82D9 /* XCRemoteSwiftPackageReference "SnapKit" */ = {
			isa = XCRemoteSwiftPackageReference;
			repositoryURL = "https://github.com/SnapKit/SnapKit.git";
			requirement = {
				kind = upToNextMajorVersion;
				minimumVersion = 5.0.0;
			};
		};
		843B2673292C03920082C6EA /* XCRemoteSwiftPackageReference "lottie-ios" */ = {
			isa = XCRemoteSwiftPackageReference;
			repositoryURL = "https://github.com/airbnb/lottie-ios.git";
			requirement = {
				kind = upToNextMinorVersion;
				minimumVersion = 3.5.0;
			};
		};
		84E649F929127A9E00806959 /* XCRemoteSwiftPackageReference "SDWebImage" */ = {
			isa = XCRemoteSwiftPackageReference;
			repositoryURL = "https://github.com/SDWebImage/SDWebImage.git";
			requirement = {
				kind = upToNextMajorVersion;
				minimumVersion = 5.0.0;
			};
		};
		84F974DA29127D4F0003EB32 /* XCRemoteSwiftPackageReference "firebase-ios-sdk" */ = {
			isa = XCRemoteSwiftPackageReference;
			repositoryURL = "https://github.com/firebase/firebase-ios-sdk";
			requirement = {
				kind = upToNextMajorVersion;
				minimumVersion = 9.0.0;
			};
		};
/* End XCRemoteSwiftPackageReference section */

/* Begin XCSwiftPackageProductDependency section */
		842C34542900054D00BF82D9 /* SnapKit */ = {
			isa = XCSwiftPackageProductDependency;
			package = 842C34532900054D00BF82D9 /* XCRemoteSwiftPackageReference "SnapKit" */;
			productName = SnapKit;
		};
		843B2674292C03920082C6EA /* Lottie */ = {
			isa = XCSwiftPackageProductDependency;
			package = 843B2673292C03920082C6EA /* XCRemoteSwiftPackageReference "lottie-ios" */;
			productName = Lottie;
		};
		84E649FA29127A9E00806959 /* SDWebImage */ = {
			isa = XCSwiftPackageProductDependency;
			package = 84E649F929127A9E00806959 /* XCRemoteSwiftPackageReference "SDWebImage" */;
			productName = SDWebImage;
		};
		84F974DB29127D4F0003EB32 /* FirebaseAnalytics */ = {
			isa = XCSwiftPackageProductDependency;
			package = 84F974DA29127D4F0003EB32 /* XCRemoteSwiftPackageReference "firebase-ios-sdk" */;
			productName = FirebaseAnalytics;
		};
		84F974DD29127D4F0003EB32 /* FirebaseAnalyticsSwift */ = {
			isa = XCSwiftPackageProductDependency;
			package = 84F974DA29127D4F0003EB32 /* XCRemoteSwiftPackageReference "firebase-ios-sdk" */;
			productName = FirebaseAnalyticsSwift;
		};
		84F974DF29127D4F0003EB32 /* FirebaseAuth */ = {
			isa = XCSwiftPackageProductDependency;
			package = 84F974DA29127D4F0003EB32 /* XCRemoteSwiftPackageReference "firebase-ios-sdk" */;
			productName = FirebaseAuth;
		};
		84F974E129127D4F0003EB32 /* FirebaseAuthCombine-Community */ = {
			isa = XCSwiftPackageProductDependency;
			package = 84F974DA29127D4F0003EB32 /* XCRemoteSwiftPackageReference "firebase-ios-sdk" */;
			productName = "FirebaseAuthCombine-Community";
		};
		84F974E329127D4F0003EB32 /* FirebaseDatabase */ = {
			isa = XCSwiftPackageProductDependency;
			package = 84F974DA29127D4F0003EB32 /* XCRemoteSwiftPackageReference "firebase-ios-sdk" */;
			productName = FirebaseDatabase;
		};
		84F974E529127D4F0003EB32 /* FirebaseDatabaseSwift */ = {
			isa = XCSwiftPackageProductDependency;
			package = 84F974DA29127D4F0003EB32 /* XCRemoteSwiftPackageReference "firebase-ios-sdk" */;
			productName = FirebaseDatabaseSwift;
		};
		84F974E729127D4F0003EB32 /* FirebaseFirestore */ = {
			isa = XCSwiftPackageProductDependency;
			package = 84F974DA29127D4F0003EB32 /* XCRemoteSwiftPackageReference "firebase-ios-sdk" */;
			productName = FirebaseFirestore;
		};
		84F974E929127D4F0003EB32 /* FirebaseFirestoreSwift */ = {
			isa = XCSwiftPackageProductDependency;
			package = 84F974DA29127D4F0003EB32 /* XCRemoteSwiftPackageReference "firebase-ios-sdk" */;
			productName = FirebaseFirestoreSwift;
		};
		84F974EB29127D4F0003EB32 /* FirebaseStorage */ = {
			isa = XCSwiftPackageProductDependency;
			package = 84F974DA29127D4F0003EB32 /* XCRemoteSwiftPackageReference "firebase-ios-sdk" */;
			productName = FirebaseStorage;
		};
/* End XCSwiftPackageProductDependency section */
	};
	rootObject = 842C342C2900008C00BF82D9 /* Project object */;
}
